
Microsoft Visual Studio Solution File, Format Version 12.00
# Visual Studio Version 17
VisualStudioVersion = 17.2.32616.157
MinimumVisualStudioVersion = 10.0.40219.1
Project("{FAE04EC0-301F-11D3-BF4B-00C04F79EFBC}") = "SelectExample", "SelectExample.csproj", "{BD2E4077-81E8-4325-8B43-0695396A5334}"
EndProject
Global
	GlobalSection(SolutionConfigurationPlatforms) = preSolution
		Debug|Any CPU = Debug|Any CPU
		Release|Any CPU = Release|Any CPU
	EndGlobalSection
	GlobalSection(ProjectConfigurationPlatforms) = postSolution
		{BD2E4077-81E8-4325-8B43-0695396A5334}.Debug|Any CPU.ActiveCfg = Debug|Any CPU
		{BD2E4077-81E8-4325-8B43-0695396A5334}.Debug|Any CPU.Build.0 = Debug|Any CPU
		{BD2E4077-81E8-4325-8B43-0695396A5334}.Release|Any CPU.ActiveCfg = Release|Any CPU
		{BD2E4077-81E8-4325-8B43-0695396A5334}.Release|Any CPU.Build.0 = Release|Any CPU
	EndGlobalSection
	GlobalSection(SolutionProperties) = preSolution
		HideSolutionNode = FALSE
	EndGlobalSection
	GlobalSection(ExtensibilityGlobals) = postSolution
		SolutionGuid = {D3197A6B-F4C2-4855-89D7-F84C50F4388B}
	EndGlobalSection
EndGlobal
